// !$*UTF8*$!
{
	archiveVersion = 1;
	classes = {
	};
	objectVersion = 56;
	objects = {

/* Begin PBXBuildFile section */
		894E66962E7434FB00B8C36A /* AppTheme.swift in Sources */ = {isa = PBXBuildFile; fileRef = 894E66952E7434FB00B8C36A /* AppTheme.swift */; };
		894E66982E74352500B8C36A /* ThemeManager.swift in Sources */ = {isa = PBXBuildFile; fileRef = 894E66972E74352500B8C36A /* ThemeManager.swift */; };
		894E669A2E74354600B8C36A /* AppColors.swift in Sources */ = {isa = PBXBuildFile; fileRef = 894E66992E74354600B8C36A /* AppColors.swift */; };
		894E669C2E74356900B8C36A /* AppGradients.swift in Sources */ = {isa = PBXBuildFile; fileRef = 894E669B2E74356900B8C36A /* AppGradients.swift */; };
		894E669F2E7435BE00B8C36A /* View.swift in Sources */ = {isa = PBXBuildFile; fileRef = 894E669E2E7435BE00B8C36A /* View.swift */; };
		894E66A12E7435DF00B8C36A /* SettingsView.swift in Sources */ = {isa = PBXBuildFile; fileRef = 894E66A02E7435DF00B8C36A /* SettingsView.swift */; };
		897DF6362E7392FD00E98004 /* MonkModeApp.swift in Sources */ = {isa = PBXBuildFile; fileRef = 897DF6352E7392FD00E98004 /* MonkModeApp.swift */; };
		897DF6382E7392FD00E98004 /* ContentView.swift in Sources */ = {isa = PBXBuildFile; fileRef = 897DF6372E7392FD00E98004 /* ContentView.swift */; };
		897DF63A2E73930100E98004 /* Assets.xcassets in Resources */ = {isa = PBXBuildFile; fileRef = 897DF6392E73930100E98004 /* Assets.xcassets */; };
		897DF63E2E73930100E98004 /* Preview Assets.xcassets in Resources */ = {isa = PBXBuildFile; fileRef = 897DF63D2E73930100E98004 /* Preview Assets.xcassets */; };
		897DF6472E73948B00E98004 /* ReaderChapter.swift in Sources */ = {isa = PBXBuildFile; fileRef = 897DF6462E73948B00E98004 /* ReaderChapter.swift */; };
		897DF6492E7394AD00E98004 /* StudySession.swift in Sources */ = {isa = PBXBuildFile; fileRef = 897DF6482E7394AD00E98004 /* StudySession.swift */; };
		897DF64B2E7394CF00E98004 /* FileService.swift in Sources */ = {isa = PBXBuildFile; fileRef = 897DF64A2E7394CF00E98004 /* FileService.swift */; };
		897DF64D2E7394EE00E98004 /* ReaderService.swift in Sources */ = {isa = PBXBuildFile; fileRef = 897DF64C2E7394EE00E98004 /* ReaderService.swift */; };
		897DF64F2E73952000E98004 /* SessionService.swift in Sources */ = {isa = PBXBuildFile; fileRef = 897DF64E2E73952000E98004 /* SessionService.swift */; };
		897DF6512E73954200E98004 /* AIService.swift in Sources */ = {isa = PBXBuildFile; fileRef = 897DF6502E73954200E98004 /* AIService.swift */; };
		897DF6532E7395B500E98004 /* TokenStore.swift in Sources */ = {isa = PBXBuildFile; fileRef = 897DF6522E7395B500E98004 /* TokenStore.swift */; };
		897DF6552E7397B300E98004 /* Flashcard.swift in Sources */ = {isa = PBXBuildFile; fileRef = 897DF6542E7397B300E98004 /* Flashcard.swift */; };
		897DF6572E7397D400E98004 /* FlashcardService.swift in Sources */ = {isa = PBXBuildFile; fileRef = 897DF6562E7397D400E98004 /* FlashcardService.swift */; };
		897DF65A2E73981400E98004 /* MonkView.swift in Sources */ = {isa = PBXBuildFile; fileRef = 897DF6592E73981400E98004 /* MonkView.swift */; };
		897DF65C2E73982700E98004 /* MonkSettingsView.swift in Sources */ = {isa = PBXBuildFile; fileRef = 897DF65B2E73982700E98004 /* MonkSettingsView.swift */; };
		897DF65E2E73983E00E98004 /* SessionsLogView.swift in Sources */ = {isa = PBXBuildFile; fileRef = 897DF65D2E73983E00E98004 /* SessionsLogView.swift */; };
		897DF6612E73988800E98004 /* MonkSeed.json in Resources */ = {isa = PBXBuildFile; fileRef = 897DF6602E73988800E98004 /* MonkSeed.json */; };
		897DF6642E739A6800E98004 /* MonkViewModel.swift in Sources */ = {isa = PBXBuildFile; fileRef = 897DF6632E739A6800E98004 /* MonkViewModel.swift */; };
		897DF6662E739A8800E98004 /* FlashcardViewModel.swift in Sources */ = {isa = PBXBuildFile; fileRef = 897DF6652E739A8800E98004 /* FlashcardViewModel.swift */; };
		897DF6682E739A9900E98004 /* ReaderViewModel.swift in Sources */ = {isa = PBXBuildFile; fileRef = 897DF6672E739A9900E98004 /* ReaderViewModel.swift */; };
		897DF66C2E739E9900E98004 /* MonkSettings.swift in Sources */ = {isa = PBXBuildFile; fileRef = 897DF66B2E739E9900E98004 /* MonkSettings.swift */; };
		897DF66E2E73AA9700E98004 /* HomeView.swift in Sources */ = {isa = PBXBuildFile; fileRef = 897DF66D2E73AA9700E98004 /* HomeView.swift */; };
		897DF6702E73ABB900E98004 /* ActionCard.swift in Sources */ = {isa = PBXBuildFile; fileRef = 897DF66F2E73ABB900E98004 /* ActionCard.swift */; };
		897DF6722E73B11100E98004 /* AppRootView.swift in Sources */ = {isa = PBXBuildFile; fileRef = 897DF6712E73B11100E98004 /* AppRootView.swift */; };
		897DF6742E73B1C900E98004 /* FloatingHubButton.swift in Sources */ = {isa = PBXBuildFile; fileRef = 897DF6732E73B1C900E98004 /* FloatingHubButton.swift */; };
		897DF6762E73B1E900E98004 /* MusicOverlayView.swift in Sources */ = {isa = PBXBuildFile; fileRef = 897DF6752E73B1E900E98004 /* MusicOverlayView.swift */; };
		897DF6782E73B1FE00E98004 /* TimerOverlayView.swift in Sources */ = {isa = PBXBuildFile; fileRef = 897DF6772E73B1FE00E98004 /* TimerOverlayView.swift */; };
		897DF67B2E73B47500E98004 /* flashcards.json in Resources */ = {isa = PBXBuildFile; fileRef = 897DF6792E73B47500E98004 /* flashcards.json */; };
		897DF67C2E73B47500E98004 /* sessionLogs.json in Resources */ = {isa = PBXBuildFile; fileRef = 897DF67A2E73B47500E98004 /* sessionLogs.json */; };
		897DF67E2E73B96400E98004 /* AudioService.swift in Sources */ = {isa = PBXBuildFile; fileRef = 897DF67D2E73B96400E98004 /* AudioService.swift */; };
		897DF6802E73B97E00E98004 /* TTSService.swift in Sources */ = {isa = PBXBuildFile; fileRef = 897DF67F2E73B97E00E98004 /* TTSService.swift */; };
		897DF6822E73B9D400E98004 /* SessionTimerViewModel.swift in Sources */ = {isa = PBXBuildFile; fileRef = 897DF6812E73B9D400E98004 /* SessionTimerViewModel.swift */; };
		897DF6842E73BAC700E98004 /* SpeechReaderViewModel.swift in Sources */ = {isa = PBXBuildFile; fileRef = 897DF6832E73BAC700E98004 /* SpeechReaderViewModel.swift */; };
/* End PBXBuildFile section */

/* Begin PBXFileReference section */
		894E66952E7434FB00B8C36A /* AppTheme.swift */ = {isa = PBXFileReference; lastKnownFileType = sourcecode.swift; path = AppTheme.swift; sourceTree = "<group>"; };
		894E66972E74352500B8C36A /* ThemeManager.swift */ = {isa = PBXFileReference; lastKnownFileType = sourcecode.swift; path = ThemeManager.swift; sourceTree = "<group>"; };
		894E66992E74354600B8C36A /* AppColors.swift */ = {isa = PBXFileReference; lastKnownFileType = sourcecode.swift; path = AppColors.swift; sourceTree = "<group>"; };
		894E669B2E74356900B8C36A /* AppGradients.swift */ = {isa = PBXFileReference; lastKnownFileType = sourcecode.swift; path = AppGradients.swift; sourceTree = "<group>"; };
		894E669E2E7435BE00B8C36A /* View.swift */ = {isa = PBXFileReference; lastKnownFileType = sourcecode.swift; path = View.swift; sourceTree = "<group>"; };
		894E66A02E7435DF00B8C36A /* SettingsView.swift */ = {isa = PBXFileReference; lastKnownFileType = sourcecode.swift; path = SettingsView.swift; sourceTree = "<group>"; };
		897DF6322E7392FD00E98004 /* MonkMode.app */ = {isa = PBXFileReference; explicitFileType = wrapper.application; includeInIndex = 0; path = MonkMode.app; sourceTree = BUILT_PRODUCTS_DIR; };
		897DF6352E7392FD00E98004 /* MonkModeApp.swift */ = {isa = PBXFileReference; lastKnownFileType = sourcecode.swift; path = MonkModeApp.swift; sourceTree = "<group>"; };
		897DF6372E7392FD00E98004 /* ContentView.swift */ = {isa = PBXFileReference; lastKnownFileType = sourcecode.swift; path = ContentView.swift; sourceTree = "<group>"; };
		897DF6392E73930100E98004 /* Assets.xcassets */ = {isa = PBXFileReference; lastKnownFileType = folder.assetcatalog; path = Assets.xcassets; sourceTree = "<group>"; };
		897DF63B2E73930100E98004 /* MonkMode.entitlements */ = {isa = PBXFileReference; lastKnownFileType = text.plist.entitlements; path = MonkMode.entitlements; sourceTree = "<group>"; };
		897DF63D2E73930100E98004 /* Preview Assets.xcassets */ = {isa = PBXFileReference; lastKnownFileType = folder.assetcatalog; path = "Preview Assets.xcassets"; sourceTree = "<group>"; };
		897DF6462E73948B00E98004 /* ReaderChapter.swift */ = {isa = PBXFileReference; lastKnownFileType = sourcecode.swift; path = ReaderChapter.swift; sourceTree = "<group>"; };
		897DF6482E7394AD00E98004 /* StudySession.swift */ = {isa = PBXFileReference; lastKnownFileType = sourcecode.swift; path = StudySession.swift; sourceTree = "<group>"; };
		897DF64A2E7394CF00E98004 /* FileService.swift */ = {isa = PBXFileReference; lastKnownFileType = sourcecode.swift; path = FileService.swift; sourceTree = "<group>"; };
		897DF64C2E7394EE00E98004 /* ReaderService.swift */ = {isa = PBXFileReference; lastKnownFileType = sourcecode.swift; path = ReaderService.swift; sourceTree = "<group>"; };
		897DF64E2E73952000E98004 /* SessionService.swift */ = {isa = PBXFileReference; lastKnownFileType = sourcecode.swift; path = SessionService.swift; sourceTree = "<group>"; };
		897DF6502E73954200E98004 /* AIService.swift */ = {isa = PBXFileReference; lastKnownFileType = sourcecode.swift; path = AIService.swift; sourceTree = "<group>"; };
		897DF6522E7395B500E98004 /* TokenStore.swift */ = {isa = PBXFileReference; lastKnownFileType = sourcecode.swift; path = TokenStore.swift; sourceTree = "<group>"; };
		897DF6542E7397B300E98004 /* Flashcard.swift */ = {isa = PBXFileReference; lastKnownFileType = sourcecode.swift; path = Flashcard.swift; sourceTree = "<group>"; };
		897DF6562E7397D400E98004 /* FlashcardService.swift */ = {isa = PBXFileReference; lastKnownFileType = sourcecode.swift; path = FlashcardService.swift; sourceTree = "<group>"; };
		897DF6592E73981400E98004 /* MonkView.swift */ = {isa = PBXFileReference; lastKnownFileType = sourcecode.swift; path = MonkView.swift; sourceTree = "<group>"; };
		897DF65B2E73982700E98004 /* MonkSettingsView.swift */ = {isa = PBXFileReference; lastKnownFileType = sourcecode.swift; path = MonkSettingsView.swift; sourceTree = "<group>"; };
		897DF65D2E73983E00E98004 /* SessionsLogView.swift */ = {isa = PBXFileReference; lastKnownFileType = sourcecode.swift; path = SessionsLogView.swift; sourceTree = "<group>"; };
		897DF6602E73988800E98004 /* MonkSeed.json */ = {isa = PBXFileReference; lastKnownFileType = text.json; path = MonkSeed.json; sourceTree = "<group>"; };
		897DF6632E739A6800E98004 /* MonkViewModel.swift */ = {isa = PBXFileReference; lastKnownFileType = sourcecode.swift; path = MonkViewModel.swift; sourceTree = "<group>"; };
		897DF6652E739A8800E98004 /* FlashcardViewModel.swift */ = {isa = PBXFileReference; lastKnownFileType = sourcecode.swift; path = FlashcardViewModel.swift; sourceTree = "<group>"; };
		897DF6672E739A9900E98004 /* ReaderViewModel.swift */ = {isa = PBXFileReference; lastKnownFileType = sourcecode.swift; path = ReaderViewModel.swift; sourceTree = "<group>"; };
		897DF66B2E739E9900E98004 /* MonkSettings.swift */ = {isa = PBXFileReference; lastKnownFileType = sourcecode.swift; path = MonkSettings.swift; sourceTree = "<group>"; };
		897DF66D2E73AA9700E98004 /* HomeView.swift */ = {isa = PBXFileReference; lastKnownFileType = sourcecode.swift; path = HomeView.swift; sourceTree = "<group>"; };
		897DF66F2E73ABB900E98004 /* ActionCard.swift */ = {isa = PBXFileReference; lastKnownFileType = sourcecode.swift; path = ActionCard.swift; sourceTree = "<group>"; };
		897DF6712E73B11100E98004 /* AppRootView.swift */ = {isa = PBXFileReference; lastKnownFileType = sourcecode.swift; path = AppRootView.swift; sourceTree = "<group>"; };
		897DF6732E73B1C900E98004 /* FloatingHubButton.swift */ = {isa = PBXFileReference; lastKnownFileType = sourcecode.swift; path = FloatingHubButton.swift; sourceTree = "<group>"; };
		897DF6752E73B1E900E98004 /* MusicOverlayView.swift */ = {isa = PBXFileReference; lastKnownFileType = sourcecode.swift; path = MusicOverlayView.swift; sourceTree = "<group>"; };
		897DF6772E73B1FE00E98004 /* TimerOverlayView.swift */ = {isa = PBXFileReference; lastKnownFileType = sourcecode.swift; path = TimerOverlayView.swift; sourceTree = "<group>"; };
		897DF6792E73B47500E98004 /* flashcards.json */ = {isa = PBXFileReference; fileEncoding = 4; lastKnownFileType = text.json; path = flashcards.json; sourceTree = "<group>"; };
		897DF67A2E73B47500E98004 /* sessionLogs.json */ = {isa = PBXFileReference; fileEncoding = 4; lastKnownFileType = text.json; path = sessionLogs.json; sourceTree = "<group>"; };
		897DF67D2E73B96400E98004 /* AudioService.swift */ = {isa = PBXFileReference; fileEncoding = 4; lastKnownFileType = sourcecode.swift; path = AudioService.swift; sourceTree = "<group>"; };
		897DF67F2E73B97E00E98004 /* TTSService.swift */ = {isa = PBXFileReference; fileEncoding = 4; lastKnownFileType = sourcecode.swift; path = TTSService.swift; sourceTree = "<group>"; };
		897DF6812E73B9D400E98004 /* SessionTimerViewModel.swift */ = {isa = PBXFileReference; fileEncoding = 4; lastKnownFileType = sourcecode.swift; path = SessionTimerViewModel.swift; sourceTree = "<group>"; };
		897DF6832E73BAC700E98004 /* SpeechReaderViewModel.swift */ = {isa = PBXFileReference; lastKnownFileType = sourcecode.swift; path = SpeechReaderViewModel.swift; sourceTree = "<group>"; };
/* End PBXFileReference section */

/* Begin PBXFrameworksBuildPhase section */
		897DF62F2E7392FD00E98004 /* Frameworks */ = {
			isa = PBXFrameworksBuildPhase;
			buildActionMask = 2147483647;
			files = (
			);
			runOnlyForDeploymentPostprocessing = 0;
		};
/* End PBXFrameworksBuildPhase section */

/* Begin PBXGroup section */
		894E669D2E74358F00B8C36A /* Extensions */ = {
			isa = PBXGroup;
			children = (
				894E669E2E7435BE00B8C36A /* View.swift */,
			);
			path = Extensions;
			sourceTree = "<group>";
		};
		897DF6292E7392FD00E98004 = {
			isa = PBXGroup;
			children = (
				897DF6342E7392FD00E98004 /* MonkMode */,
				897DF6332E7392FD00E98004 /* Products */,
			);
			sourceTree = "<group>";
		};
		897DF6332E7392FD00E98004 /* Products */ = {
			isa = PBXGroup;
			children = (
				897DF6322E7392FD00E98004 /* MonkMode.app */,
			);
			name = Products;
			sourceTree = "<group>";
		};
		897DF6342E7392FD00E98004 /* MonkMode */ = {
			isa = PBXGroup;
			children = (
				894E669D2E74358F00B8C36A /* Extensions */,
				897DF6622E739A1D00E98004 /* ViewModels */,
				897DF65F2E73984700E98004 /* Resources */,
				897DF6582E7397FA00E98004 /* Views */,
				897DF6452E73946B00E98004 /* Services */,
				897DF6442E73945000E98004 /* Models */,
				897DF6352E7392FD00E98004 /* MonkModeApp.swift */,
				897DF6372E7392FD00E98004 /* ContentView.swift */,
				897DF6392E73930100E98004 /* Assets.xcassets */,
				897DF63B2E73930100E98004 /* MonkMode.entitlements */,
				897DF63C2E73930100E98004 /* Preview Content */,
				897DF66D2E73AA9700E98004 /* HomeView.swift */,
			);
			path = MonkMode;
			sourceTree = "<group>";
		};
		897DF63C2E73930100E98004 /* Preview Content */ = {
			isa = PBXGroup;
			children = (
				897DF63D2E73930100E98004 /* Preview Assets.xcassets */,
			);
			path = "Preview Content";
			sourceTree = "<group>";
		};
		897DF6442E73945000E98004 /* Models */ = {
			isa = PBXGroup;
			children = (
				897DF6462E73948B00E98004 /* ReaderChapter.swift */,
				897DF6482E7394AD00E98004 /* StudySession.swift */,
				897DF6542E7397B300E98004 /* Flashcard.swift */,
				897DF66B2E739E9900E98004 /* MonkSettings.swift */,
				894E66952E7434FB00B8C36A /* AppTheme.swift */,
			);
			path = Models;
			sourceTree = "<group>";
		};
		897DF6452E73946B00E98004 /* Services */ = {
			isa = PBXGroup;
			children = (
				897DF67F2E73B97E00E98004 /* TTSService.swift */,
				897DF67D2E73B96400E98004 /* AudioService.swift */,
				897DF64A2E7394CF00E98004 /* FileService.swift */,
				897DF64C2E7394EE00E98004 /* ReaderService.swift */,
				897DF64E2E73952000E98004 /* SessionService.swift */,
				897DF6502E73954200E98004 /* AIService.swift */,
				897DF6522E7395B500E98004 /* TokenStore.swift */,
				897DF6562E7397D400E98004 /* FlashcardService.swift */,
			);
			path = Services;
			sourceTree = "<group>";
		};
		897DF6582E7397FA00E98004 /* Views */ = {
			isa = PBXGroup;
			children = (
				897DF6592E73981400E98004 /* MonkView.swift */,
				897DF65B2E73982700E98004 /* MonkSettingsView.swift */,
				897DF65D2E73983E00E98004 /* SessionsLogView.swift */,
				897DF66F2E73ABB900E98004 /* ActionCard.swift */,
				897DF6712E73B11100E98004 /* AppRootView.swift */,
				897DF6732E73B1C900E98004 /* FloatingHubButton.swift */,
				897DF6752E73B1E900E98004 /* MusicOverlayView.swift */,
				897DF6772E73B1FE00E98004 /* TimerOverlayView.swift */,
				894E66A02E7435DF00B8C36A /* SettingsView.swift */,
			);
			path = Views;
			sourceTree = "<group>";
		};
		897DF65F2E73984700E98004 /* Resources */ = {
			isa = PBXGroup;
			children = (
				897DF6792E73B47500E98004 /* flashcards.json */,
				897DF67A2E73B47500E98004 /* sessionLogs.json */,
				897DF6602E73988800E98004 /* MonkSeed.json */,
				894E66992E74354600B8C36A /* AppColors.swift */,
				894E669B2E74356900B8C36A /* AppGradients.swift */,
			);
			path = Resources;
			sourceTree = "<group>";
		};
		897DF6622E739A1D00E98004 /* ViewModels */ = {
			isa = PBXGroup;
			children = (
				897DF6812E73B9D400E98004 /* SessionTimerViewModel.swift */,
				897DF6632E739A6800E98004 /* MonkViewModel.swift */,
				897DF6652E739A8800E98004 /* FlashcardViewModel.swift */,
				897DF6672E739A9900E98004 /* ReaderViewModel.swift */,
				897DF6832E73BAC700E98004 /* SpeechReaderViewModel.swift */,
				894E66972E74352500B8C36A /* ThemeManager.swift */,
			);
			path = ViewModels;
			sourceTree = "<group>";
		};
/* End PBXGroup section */

/* Begin PBXNativeTarget section */
		897DF6312E7392FD00E98004 /* MonkMode */ = {
			isa = PBXNativeTarget;
			buildConfigurationList = 897DF6412E73930100E98004 /* Build configuration list for PBXNativeTarget "MonkMode" */;
			buildPhases = (
				897DF62E2E7392FD00E98004 /* Sources */,
				897DF62F2E7392FD00E98004 /* Frameworks */,
				897DF6302E7392FD00E98004 /* Resources */,
			);
			buildRules = (
			);
			dependencies = (
			);
			name = MonkMode;
			productName = MonkMode;
			productReference = 897DF6322E7392FD00E98004 /* MonkMode.app */;
			productType = "com.apple.product-type.application";
		};
/* End PBXNativeTarget section */

/* Begin PBXProject section */
		897DF62A2E7392FD00E98004 /* Project object */ = {
			isa = PBXProject;
			attributes = {
				BuildIndependentTargetsInParallel = 1;
				LastSwiftUpdateCheck = 1530;
				LastUpgradeCheck = 1530;
				TargetAttributes = {
					897DF6312E7392FD00E98004 = {
						CreatedOnToolsVersion = 15.3;
					};
				};
			};
			buildConfigurationList = 897DF62D2E7392FD00E98004 /* Build configuration list for PBXProject "MonkMode" */;
			compatibilityVersion = "Xcode 14.0";
			developmentRegion = en;
			hasScannedForEncodings = 0;
			knownRegions = (
				en,
				Base,
			);
			mainGroup = 897DF6292E7392FD00E98004;
			productRefGroup = 897DF6332E7392FD00E98004 /* Products */;
			projectDirPath = "";
			projectRoot = "";
			targets = (
				897DF6312E7392FD00E98004 /* MonkMode */,
			);
		};
/* End PBXProject section */

/* Begin PBXResourcesBuildPhase section */
		897DF6302E7392FD00E98004 /* Resources */ = {
			isa = PBXResourcesBuildPhase;
			buildActionMask = 2147483647;
			files = (
				897DF6612E73988800E98004 /* MonkSeed.json in Resources */,
				897DF63E2E73930100E98004 /* Preview Assets.xcassets in Resources */,
				897DF67B2E73B47500E98004 /* flashcards.json in Resources */,
				897DF63A2E73930100E98004 /* Assets.xcassets in Resources */,
				897DF67C2E73B47500E98004 /* sessionLogs.json in Resources */,
			);
			runOnlyForDeploymentPostprocessing = 0;
		};
/* End PBXResourcesBuildPhase section */

/* Begin PBXSourcesBuildPhase section */
		897DF62E2E7392FD00E98004 /* Sources */ = {
			isa = PBXSourcesBuildPhase;
			buildActionMask = 2147483647;
			files = (
				897DF65E2E73983E00E98004 /* SessionsLogView.swift in Sources */,
				897DF6842E73BAC700E98004 /* SpeechReaderViewModel.swift in Sources */,
				897DF6702E73ABB900E98004 /* ActionCard.swift in Sources */,
				894E669A2E74354600B8C36A /* AppColors.swift in Sources */,
				897DF6572E7397D400E98004 /* FlashcardService.swift in Sources */,
				894E66A12E7435DF00B8C36A /* SettingsView.swift in Sources */,
				894E66962E7434FB00B8C36A /* AppTheme.swift in Sources */,
				897DF6382E7392FD00E98004 /* ContentView.swift in Sources */,
				897DF6642E739A6800E98004 /* MonkViewModel.swift in Sources */,
				897DF6682E739A9900E98004 /* ReaderViewModel.swift in Sources */,
				897DF6782E73B1FE00E98004 /* TimerOverlayView.swift in Sources */,
				897DF6802E73B97E00E98004 /* TTSService.swift in Sources */,
				897DF67E2E73B96400E98004 /* AudioService.swift in Sources */,
				897DF6362E7392FD00E98004 /* MonkModeApp.swift in Sources */,
				897DF6532E7395B500E98004 /* TokenStore.swift in Sources */,
				897DF65C2E73982700E98004 /* MonkSettingsView.swift in Sources */,
				894E669C2E74356900B8C36A /* AppGradients.swift in Sources */,
				897DF6662E739A8800E98004 /* FlashcardViewModel.swift in Sources */,
				897DF66C2E739E9900E98004 /* MonkSettings.swift in Sources */,
				897DF64F2E73952000E98004 /* SessionService.swift in Sources */,
				894E66982E74352500B8C36A /* ThemeManager.swift in Sources */,
				894E669F2E7435BE00B8C36A /* View.swift in Sources */,
				897DF65A2E73981400E98004 /* MonkView.swift in Sources */,
				897DF6722E73B11100E98004 /* AppRootView.swift in Sources */,
				897DF66E2E73AA9700E98004 /* HomeView.swift in Sources */,
				897DF64D2E7394EE00E98004 /* ReaderService.swift in Sources */,
				897DF6492E7394AD00E98004 /* StudySession.swift in Sources */,
				897DF6822E73B9D400E98004 /* SessionTimerViewModel.swift in Sources */,
				897DF6552E7397B300E98004 /* Flashcard.swift in Sources */,
				897DF6512E73954200E98004 /* AIService.swift in Sources */,
				897DF64B2E7394CF00E98004 /* FileService.swift in Sources */,
				897DF6742E73B1C900E98004 /* FloatingHubButton.swift in Sources */,
				897DF6472E73948B00E98004 /* ReaderChapter.swift in Sources */,
				897DF6762E73B1E900E98004 /* MusicOverlayView.swift in Sources */,
			);
			runOnlyForDeploymentPostprocessing = 0;
		};
/* End PBXSourcesBuildPhase section */

/* Begin XCBuildConfiguration section */
		897DF63F2E73930100E98004 /* Debug */ = {
			isa = XCBuildConfiguration;
			buildSettings = {
				ALWAYS_SEARCH_USER_PATHS = NO;
				ASSETCATALOG_COMPILER_GENERATE_SWIFT_ASSET_SYMBOL_EXTENSIONS = YES;
				CLANG_ANALYZER_NONNULL = YES;
				CLANG_ANALYZER_NUMBER_OBJECT_CONVERSION = YES_AGGRESSIVE;
				CLANG_CXX_LANGUAGE_STANDARD = "gnu++20";
				CLANG_ENABLE_MODULES = YES;
				CLANG_ENABLE_OBJC_ARC = YES;
				CLANG_ENABLE_OBJC_WEAK = YES;
				CLANG_WARN_BLOCK_CAPTURE_AUTORELEASING = YES;
				CLANG_WARN_BOOL_CONVERSION = YES;
				CLANG_WARN_COMMA = YES;
				CLANG_WARN_CONSTANT_CONVERSION = YES;
				CLANG_WARN_DEPRECATED_OBJC_IMPLEMENTATIONS = YES;
				CLANG_WARN_DIRECT_OBJC_ISA_USAGE = YES_ERROR;
				CLANG_WARN_DOCUMENTATION_COMMENTS = YES;
				CLANG_WARN_EMPTY_BODY = YES;
				CLANG_WARN_ENUM_CONVERSION = YES;
				CLANG_WARN_INFINITE_RECURSION = YES;
				CLANG_WARN_INT_CONVERSION = YES;
				CLANG_WARN_NON_LITERAL_NULL_CONVERSION = YES;
				CLANG_WARN_OBJC_IMPLICIT_RETAIN_SELF = YES;
				CLANG_WARN_OBJC_LITERAL_CONVERSION = YES;
				CLANG_WARN_OBJC_ROOT_CLASS = YES_ERROR;
				CLANG_WARN_QUOTED_INCLUDE_IN_FRAMEWORK_HEADER = YES;
				CLANG_WARN_RANGE_LOOP_ANALYSIS = YES;
				CLANG_WARN_STRICT_PROTOTYPES = YES;
				CLANG_WARN_SUSPICIOUS_MOVE = YES;
				CLANG_WARN_UNGUARDED_AVAILABILITY = YES_AGGRESSIVE;
				CLANG_WARN_UNREACHABLE_CODE = YES;
				CLANG_WARN__DUPLICATE_METHOD_MATCH = YES;
				COPY_PHASE_STRIP = NO;
				DEBUG_INFORMATION_FORMAT = dwarf;
				ENABLE_STRICT_OBJC_MSGSEND = YES;
				ENABLE_TESTABILITY = YES;
				ENABLE_USER_SCRIPT_SANDBOXING = YES;
				GCC_C_LANGUAGE_STANDARD = gnu17;
				GCC_DYNAMIC_NO_PIC = NO;
				GCC_NO_COMMON_BLOCKS = YES;
				GCC_OPTIMIZATION_LEVEL = 0;
				GCC_PREPROCESSOR_DEFINITIONS = (
					"DEBUG=1",
					"$(inherited)",
				);
				GCC_WARN_64_TO_32_BIT_CONVERSION = YES;
				GCC_WARN_ABOUT_RETURN_TYPE = YES_ERROR;
				GCC_WARN_UNDECLARED_SELECTOR = YES;
				GCC_WARN_UNINITIALIZED_AUTOS = YES_AGGRESSIVE;
				GCC_WARN_UNUSED_FUNCTION = YES;
				GCC_WARN_UNUSED_VARIABLE = YES;
				LOCALIZATION_PREFERS_STRING_CATALOGS = YES;
				MTL_ENABLE_DEBUG_INFO = INCLUDE_SOURCE;
				MTL_FAST_MATH = YES;
				ONLY_ACTIVE_ARCH = YES;
				SWIFT_ACTIVE_COMPILATION_CONDITIONS = "DEBUG $(inherited)";
				SWIFT_OPTIMIZATION_LEVEL = "-Onone";
			};
			name = Debug;
		};
		897DF6402E73930100E98004 /* Release */ = {
			isa = XCBuildConfiguration;
			buildSettings = {
				ALWAYS_SEARCH_USER_PATHS = NO;
				ASSETCATALOG_COMPILER_GENERATE_SWIFT_ASSET_SYMBOL_EXTENSIONS = YES;
				CLANG_ANALYZER_NONNULL = YES;
				CLANG_ANALYZER_NUMBER_OBJECT_CONVERSION = YES_AGGRESSIVE;
				CLANG_CXX_LANGUAGE_STANDARD = "gnu++20";
				CLANG_ENABLE_MODULES = YES;
				CLANG_ENABLE_OBJC_ARC = YES;
				CLANG_ENABLE_OBJC_WEAK = YES;
				CLANG_WARN_BLOCK_CAPTURE_AUTORELEASING = YES;
				CLANG_WARN_BOOL_CONVERSION = YES;
				CLANG_WARN_COMMA = YES;
				CLANG_WARN_CONSTANT_CONVERSION = YES;
				CLANG_WARN_DEPRECATED_OBJC_IMPLEMENTATIONS = YES;
				CLANG_WARN_DIRECT_OBJC_ISA_USAGE = YES_ERROR;
				CLANG_WARN_DOCUMENTATION_COMMENTS = YES;
				CLANG_WARN_EMPTY_BODY = YES;
				CLANG_WARN_ENUM_CONVERSION = YES;
				CLANG_WARN_INFINITE_RECURSION = YES;
				CLANG_WARN_INT_CONVERSION = YES;
				CLANG_WARN_NON_LITERAL_NULL_CONVERSION = YES;
				CLANG_WARN_OBJC_IMPLICIT_RETAIN_SELF = YES;
				CLANG_WARN_OBJC_LITERAL_CONVERSION = YES;
				CLANG_WARN_OBJC_ROOT_CLASS = YES_ERROR;
				CLANG_WARN_QUOTED_INCLUDE_IN_FRAMEWORK_HEADER = YES;
				CLANG_WARN_RANGE_LOOP_ANALYSIS = YES;
				CLANG_WARN_STRICT_PROTOTYPES = YES;
				CLANG_WARN_SUSPICIOUS_MOVE = YES;
				CLANG_WARN_UNGUARDED_AVAILABILITY = YES_AGGRESSIVE;
				CLANG_WARN_UNREACHABLE_CODE = YES;
				CLANG_WARN__DUPLICATE_METHOD_MATCH = YES;
				COPY_PHASE_STRIP = NO;
				DEBUG_INFORMATION_FORMAT = "dwarf-with-dsym";
				ENABLE_NS_ASSERTIONS = NO;
				ENABLE_STRICT_OBJC_MSGSEND = YES;
				ENABLE_USER_SCRIPT_SANDBOXING = YES;
				GCC_C_LANGUAGE_STANDARD = gnu17;
				GCC_NO_COMMON_BLOCKS = YES;
				GCC_WARN_64_TO_32_BIT_CONVERSION = YES;
				GCC_WARN_ABOUT_RETURN_TYPE = YES_ERROR;
				GCC_WARN_UNDECLARED_SELECTOR = YES;
				GCC_WARN_UNINITIALIZED_AUTOS = YES_AGGRESSIVE;
				GCC_WARN_UNUSED_FUNCTION = YES;
				GCC_WARN_UNUSED_VARIABLE = YES;
				LOCALIZATION_PREFERS_STRING_CATALOGS = YES;
				MTL_ENABLE_DEBUG_INFO = NO;
				MTL_FAST_MATH = YES;
				SWIFT_COMPILATION_MODE = wholemodule;
			};
			name = Release;
		};
		897DF6422E73930100E98004 /* Debug */ = {
			isa = XCBuildConfiguration;
			buildSettings = {
				ASSETCATALOG_COMPILER_APPICON_NAME = AppIcon;
				ASSETCATALOG_COMPILER_GLOBAL_ACCENT_COLOR_NAME = AccentColor;
				CODE_SIGN_ENTITLEMENTS = MonkMode/MonkMode.entitlements;
				CODE_SIGN_STYLE = Automatic;
				CURRENT_PROJECT_VERSION = 1;
				DEVELOPMENT_ASSET_PATHS = "\"MonkMode/Preview Content\"";
				DEVELOPMENT_TEAM = 9UB5P3VHHD;
				ENABLE_HARDENED_RUNTIME = YES;
				ENABLE_PREVIEWS = YES;
				GENERATE_INFOPLIST_FILE = YES;
				"INFOPLIST_KEY_UIApplicationSceneManifest_Generation[sdk=iphoneos*]" = YES;
				"INFOPLIST_KEY_UIApplicationSceneManifest_Generation[sdk=iphonesimulator*]" = YES;
				"INFOPLIST_KEY_UIApplicationSupportsIndirectInputEvents[sdk=iphoneos*]" = YES;
				"INFOPLIST_KEY_UIApplicationSupportsIndirectInputEvents[sdk=iphonesimulator*]" = YES;
				"INFOPLIST_KEY_UILaunchScreen_Generation[sdk=iphoneos*]" = YES;
				"INFOPLIST_KEY_UILaunchScreen_Generation[sdk=iphonesimulator*]" = YES;
				"INFOPLIST_KEY_UIStatusBarStyle[sdk=iphoneos*]" = UIStatusBarStyleDefault;
				"INFOPLIST_KEY_UIStatusBarStyle[sdk=iphonesimulator*]" = UIStatusBarStyleDefault;
				INFOPLIST_KEY_UISupportedInterfaceOrientations_iPad = "UIInterfaceOrientationPortrait UIInterfaceOrientationPortraitUpsideDown UIInterfaceOrientationLandscapeLeft UIInterfaceOrientationLandscapeRight";
				INFOPLIST_KEY_UISupportedInterfaceOrientations_iPhone = "UIInterfaceOrientationPortrait UIInterfaceOrientationLandscapeLeft UIInterfaceOrientationLandscapeRight";
				IPHONEOS_DEPLOYMENT_TARGET = 17.4;
				LD_RUNPATH_SEARCH_PATHS = "@executable_path/Frameworks";
				"LD_RUNPATH_SEARCH_PATHS[sdk=macosx*]" = "@executable_path/../Frameworks";
				MACOSX_DEPLOYMENT_TARGET = 14.4;
				MARKETING_VERSION = 1.0;
				PRODUCT_BUNDLE_IDENTIFIER = com.spartanbros.monkmode.MonkMode;
				PRODUCT_NAME = "$(TARGET_NAME)";
				SDKROOT = auto;
				SUPPORTED_PLATFORMS = "iphoneos iphonesimulator macosx";
				SWIFT_EMIT_LOC_STRINGS = YES;
				SWIFT_VERSION = 5.0;
				TARGETED_DEVICE_FAMILY = "1,2";
			};
			name = Debug;
		};
		897DF6432E73930100E98004 /* Release */ = {
			isa = XCBuildConfiguration;
			buildSettings = {
				ASSETCATALOG_COMPILER_APPICON_NAME = AppIcon;
				ASSETCATALOG_COMPILER_GLOBAL_ACCENT_COLOR_NAME = AccentColor;
				CODE_SIGN_ENTITLEMENTS = MonkMode/MonkMode.entitlements;
				CODE_SIGN_STYLE = Automatic;
				CURRENT_PROJECT_VERSION = 1;
				DEVELOPMENT_ASSET_PATHS = "\"MonkMode/Preview Content\"";
				DEVELOPMENT_TEAM = 9UB5P3VHHD;
				ENABLE_HARDENED_RUNTIME = YES;
				ENABLE_PREVIEWS = YES;
				GENERATE_INFOPLIST_FILE = YES;
				"INFOPLIST_KEY_UIApplicationSceneManifest_Generation[sdk=iphoneos*]" = YES;
				"INFOPLIST_KEY_UIApplicationSceneManifest_Generation[sdk=iphonesimulator*]" = YES;
				"INFOPLIST_KEY_UIApplicationSupportsIndirectInputEvents[sdk=iphoneos*]" = YES;
				"INFOPLIST_KEY_UIApplicationSupportsIndirectInputEvents[sdk=iphonesimulator*]" = YES;
				"INFOPLIST_KEY_UILaunchScreen_Generation[sdk=iphoneos*]" = YES;
				"INFOPLIST_KEY_UILaunchScreen_Generation[sdk=iphonesimulator*]" = YES;
				"INFOPLIST_KEY_UIStatusBarStyle[sdk=iphoneos*]" = UIStatusBarStyleDefault;
				"INFOPLIST_KEY_UIStatusBarStyle[sdk=iphonesimulator*]" = UIStatusBarStyleDefault;
				INFOPLIST_KEY_UISupportedInterfaceOrientations_iPad = "UIInterfaceOrientationPortrait UIInterfaceOrientationPortraitUpsideDown UIInterfaceOrientationLandscapeLeft UIInterfaceOrientationLandscapeRight";
				INFOPLIST_KEY_UISupportedInterfaceOrientations_iPhone = "UIInterfaceOrientationPortrait UIInterfaceOrientationLandscapeLeft UIInterfaceOrientationLandscapeRight";
				IPHONEOS_DEPLOYMENT_TARGET = 17.4;
				LD_RUNPATH_SEARCH_PATHS = "@executable_path/Frameworks";
				"LD_RUNPATH_SEARCH_PATHS[sdk=macosx*]" = "@executable_path/../Frameworks";
				MACOSX_DEPLOYMENT_TARGET = 14.4;
				MARKETING_VERSION = 1.0;
				PRODUCT_BUNDLE_IDENTIFIER = com.spartanbros.monkmode.MonkMode;
				PRODUCT_NAME = "$(TARGET_NAME)";
				SDKROOT = auto;
				SUPPORTED_PLATFORMS = "iphoneos iphonesimulator macosx";
				SWIFT_EMIT_LOC_STRINGS = YES;
				SWIFT_VERSION = 5.0;
				TARGETED_DEVICE_FAMILY = "1,2";
			};
			name = Release;
		};
/* End XCBuildConfiguration section */

/* Begin XCConfigurationList section */
		897DF62D2E7392FD00E98004 /* Build configuration list for PBXProject "MonkMode" */ = {
			isa = XCConfigurationList;
			buildConfigurations = (
				897DF63F2E73930100E98004 /* Debug */,
				897DF6402E73930100E98004 /* Release */,
			);
			defaultConfigurationIsVisible = 0;
			defaultConfigurationName = Release;
		};
		897DF6412E73930100E98004 /* Build configuration list for PBXNativeTarget "MonkMode" */ = {
			isa = XCConfigurationList;
			buildConfigurations = (
				897DF6422E73930100E98004 /* Debug */,
				897DF6432E73930100E98004 /* Release */,
			);
			defaultConfigurationIsVisible = 0;
			defaultConfigurationName = Release;
		};
/* End XCConfigurationList section */
	};
	rootObject = 897DF62A2E7392FD00E98004 /* Project object */;
}
